schema: '2.0'
stages:
  data_ingestion:
    cmd: python src/crop_recommendation/pipeline/data_ingestion.py
    deps:
    - path: data/external/SPAS-Dataset-BD.csv
      hash: md5
      md5: 555f0b6431d39d2a26a64af166f9472d
      size: 431442
    - path: src/crop_recommendation/pipeline/data_ingestion.py
      hash: md5
      md5: eb3c8e92f1cfc5ba275ebf7c6abf9f9a
      size: 2016
    outs:
    - path: data/raw/SPAS-Dataset-BD.csv
      hash: md5
      md5: ea6df7bac09d46f78973c6606d45b25e
      size: 452308
  preprocess:
    cmd: python src/crop_recommendation/pipeline/preprocessing.py
    deps:
    - path: data/raw/SPAS-Dataset-BD.csv
      hash: md5
      md5: ea6df7bac09d46f78973c6606d45b25e
      size: 452308
    - path: src/crop_recommendation/pipeline/preprocessing.py
      hash: md5
      md5: eecd2aab4144625f28d2cf500eb88623
      size: 5766
    outs:
    - path: data/processed/processed_data.csv
      hash: md5
      md5: eaee9b97c3f7b4f0704fc430734576ad
      size: 555015
  encode:
    cmd: python src/crop_recommendation/pipeline/encoding.py
    deps:
    - path: data/processed/processed_data.csv
      hash: md5
      md5: eaee9b97c3f7b4f0704fc430734576ad
      size: 555015
    - path: src/crop_recommendation/pipeline/encoding.py
      hash: md5
      md5: 429a882fa755495712ff554aef463c32
      size: 4586
    outs:
    - path: data/processed/encoded_data.csv
      hash: md5
      md5: 474d8f0f4c04e6daffecd6e72c90a12c
      size: 456608
  feature_engineering:
    cmd: python src/crop_recommendation/pipeline/feature_engineering.py
    deps:
    - path: data/processed/encoded_data.csv
      hash: md5
      md5: 474d8f0f4c04e6daffecd6e72c90a12c
      size: 456608
    - path: src/crop_recommendation/pipeline/feature_engineering.py
      hash: md5
      md5: b23e274b0d9fa4fbc112dbd88593b172
      size: 4787
    outs:
    - path: data/features/featured_data.csv
      hash: md5
      md5: d8419d9b85b12b8fb5af4babe9baffca
      size: 410287
  split_data:
    cmd: python src/crop_recommendation/pipeline/splitter.py
    deps:
    - path: data/features/featured_data.csv
      hash: md5
      md5: d8419d9b85b12b8fb5af4babe9baffca
      size: 410287
    - path: src/crop_recommendation/pipeline/splitter.py
      hash: md5
      md5: b8027436890513d05c54b9c5a75b5bc0
      size: 3551
    outs:
    - path: data/splits/test.csv
      hash: md5
      md5: 5e4a7b0c1127be230ee89ef6fc528432
      size: 122534
    - path: data/splits/train.csv
      hash: md5
      md5: 55ab22969f44d1dec7e31efea52310e3
      size: 285048
  train_model:
    cmd: python src/crop_recommendation/pipeline/model_training.py
    deps:
    - path: artifacts/preprocessors/climate_constants.joblib
      hash: md5
      md5: 96c038ca70d68eeb678b594c292e4b40
      size: 192
    - path: artifacts/preprocessors/label_encoders.joblib
      hash: md5
      md5: 0a14f5cbd2fdd0eb325d764516934f78
      size: 2503
    - path: artifacts/preprocessors/standard_scaler.joblib
      hash: md5
      md5: 49803ff8cd05cd2b8dcd6eb0e305915f
      size: 959
    - path: data/splits/train.csv
      hash: md5
      md5: 55ab22969f44d1dec7e31efea52310e3
      size: 285048
    - path: src/crop_recommendation/pipeline/model_training.py
      hash: md5
      md5: b1fa18b08e90570d25996402d811922f
      size: 14084
    outs:
    - path: artifacts/models/
      hash: md5
      md5: dc959c0eff69a023316ea82e3161c7f8.dir
      size: 849831294
      nfiles: 10
    - path: reports/metrics/training_results.csv
      hash: md5
      md5: b9c99bc91ad8a1241011a1969b4d3bd3
      size: 1537
  evaluate_model:
    cmd: python src/crop_recommendation/pipeline/model_eval.py
    deps:
    - path: data/splits/test.csv
      hash: md5
      md5: 5e4a7b0c1127be230ee89ef6fc528432
      size: 122534
    - path: src/crop_recommendation/pipeline/model_eval.py
      hash: md5
      md5: 610a88eb52e17aec578113c3be46574d
      size: 9134
    outs:
    - path: reports/metrics/confusion_matrix.png
      hash: md5
      md5: 4d32dafe57df7f50623e39a1019f883e
      size: 153055
    - path: reports/metrics/evaluation_metrics.json
      hash: md5
      md5: 796e6f27c050c4e5e6b6e7f5961c2215
      size: 2675
